
Microsoft Visual Studio Solution File, Format Version 12.00
# Visual Studio 15
VisualStudioVersion = 15.0.27428.2037
MinimumVisualStudioVersion = 10.0.40219.1
Project("{FAE04EC0-301F-11D3-BF4B-00C04F79EFBC}") = "SearchValidation", "SearchValidation\SearchValidation.csproj", "{69742210-35FA-4F9F-A168-78C9910CBBA5}"
EndProject
Global
	GlobalSection(SolutionConfigurationPlatforms) = preSolution
		Debug|Any CPU = Debug|Any CPU
		Release|Any CPU = Release|Any CPU
	EndGlobalSection
	GlobalSection(ProjectConfigurationPlatforms) = postSolution
		{69742210-35FA-4F9F-A168-78C9910CBBA5}.Debug|Any CPU.ActiveCfg = Debug|Any CPU
		{69742210-35FA-4F9F-A168-78C9910CBBA5}.Debug|Any CPU.Build.0 = Debug|Any CPU
		{69742210-35FA-4F9F-A168-78C9910CBBA5}.Release|Any CPU.ActiveCfg = Release|Any CPU
		{69742210-35FA-4F9F-A168-78C9910CBBA5}.Release|Any CPU.Build.0 = Release|Any CPU
	EndGlobalSection
	GlobalSection(SolutionProperties) = preSolution
		HideSolutionNode = FALSE
	EndGlobalSection
	GlobalSection(ExtensibilityGlobals) = postSolution
		SolutionGuid = {664BD1A9-5394-4B57-AEE3-F25AC0984311}
	EndGlobalSection
EndGlobal
